{
  "name": "tagver",
  "version": "0.4.1",
  "lockfileVersion": 1,
  "requires": true,
  "dependencies": {
    "ansi-regex": {
      "version": "https://registry.npmjs.org/ansi-regex/-/ansi-regex-2.1.1.tgz",
      "integrity": "sha1-w7M6te42DYbg5ijwRorn7yfWVN8="
    },
    "ansi-styles": {
      "version": "https://bams-emea-sami.int.thomsonreuters.com/artifactory/api/npm/default.npm.global/ansi-styles/-/ansi-styles-3.2.0.tgz",
      "integrity": "sha1-wVm41b4PnlpvNG2rlPFs4CIWG4g=",
      "requires": {
        "color-convert": "https://registry.npmjs.org/color-convert/-/color-convert-1.9.1.tgz"
      }
    },
    "camelcase": {
      "version": "https://bams-emea-sami.int.thomsonreuters.com/artifactory/api/npm/default.npm.global/camelcase/-/camelcase-4.1.0.tgz",
      "integrity": "sha1-1UVjW+HjPFQmScaRc+Xeas+uNN0="
    },
    "chalk": {
      "version": "https://bams-emea-sami.int.thomsonreuters.com/artifactory/api/npm/default.npm.global/chalk/-/chalk-2.3.0.tgz",
      "integrity": "sha1-tepI78nBeT3MybR2fJORTT8tUro=",
      "requires": {
        "ansi-styles": "https://bams-emea-sami.int.thomsonreuters.com/artifactory/api/npm/default.npm.global/ansi-styles/-/ansi-styles-3.2.0.tgz",
        "escape-string-regexp": "https://registry.npmjs.org/escape-string-regexp/-/escape-string-regexp-1.0.5.tgz",
        "supports-color": "https://bams-emea-sami.int.thomsonreuters.com/artifactory/api/npm/default.npm.global/supports-color/-/supports-color-4.5.0.tgz"
      }
    },
    "cliui": {
      "version": "https://registry.npmjs.org/cliui/-/cliui-3.2.0.tgz",
      "integrity": "sha1-EgYBU3qRbSmUD5NNo7SNWFo5IT0=",
      "requires": {
        "string-width": "https://registry.npmjs.org/string-width/-/string-width-1.0.2.tgz",
        "strip-ansi": "https://registry.npmjs.org/strip-ansi/-/strip-ansi-3.0.1.tgz",
        "wrap-ansi": "https://registry.npmjs.org/wrap-ansi/-/wrap-ansi-2.1.0.tgz"
      },
      "dependencies": {
        "string-width": {
          "version": "https://registry.npmjs.org/string-width/-/string-width-1.0.2.tgz",
          "integrity": "sha1-EYvfW4zcUaKn5w0hHgfisLmxB9M=",
          "requires": {
            "code-point-at": "https://registry.npmjs.org/code-point-at/-/code-point-at-1.1.0.tgz",
            "is-fullwidth-code-point": "https://registry.npmjs.org/is-fullwidth-code-point/-/is-fullwidth-code-point-1.0.0.tgz",
            "strip-ansi": "https://registry.npmjs.org/strip-ansi/-/strip-ansi-3.0.1.tgz"
          }
        }
      }
    },
    "code-point-at": {
      "version": "https://registry.npmjs.org/code-point-at/-/code-point-at-1.1.0.tgz",
      "integrity": "sha1-DQcLTQQ6W+ozovGkDi7bPZpMz3c="
    },
    "color-convert": {
      "version": "https://registry.npmjs.org/color-convert/-/color-convert-1.9.1.tgz",
      "integrity": "sha1-wSYRB66y8pTr/+ye2eytUppgl+0=",
      "requires": {
        "color-name": "https://bams-emea-sami.int.thomsonreuters.com/artifactory/api/npm/default.npm.global/color-name/-/color-name-1.1.3.tgz"
      }
    },
    "color-name": {
      "version": "https://bams-emea-sami.int.thomsonreuters.com/artifactory/api/npm/default.npm.global/color-name/-/color-name-1.1.3.tgz",
      "integrity": "sha1-p9BVi9icQveV3UIyj3QIMcpTvCU="
    },
    "cross-spawn": {
      "version": "https://bams-emea-sami.int.thomsonreuters.com/artifactory/api/npm/default.npm.global/cross-spawn/-/cross-spawn-5.1.0.tgz",
      "integrity": "sha1-6L0O/uWPz/b4+UUQoKVUu/ojVEk=",
      "requires": {
        "lru-cache": "https://bams-emea-sami.int.thomsonreuters.com/artifactory/api/npm/default.npm.global/lru-cache/-/lru-cache-4.1.1.tgz",
        "shebang-command": "https://bams-emea-sami.int.thomsonreuters.com/artifactory/api/npm/default.npm.global/shebang-command/-/shebang-command-1.2.0.tgz",
        "which": "https://bams-emea-sami.int.thomsonreuters.com/artifactory/api/npm/default.npm.global/which/-/which-1.3.0.tgz"
      }
    },
    "decamelize": {
      "version": "https://registry.npmjs.org/decamelize/-/decamelize-1.2.0.tgz",
      "integrity": "sha1-9lNNFRSCabIDUue+4m9QH5oZEpA="
    },
    "escape-string-regexp": {
      "version": "https://registry.npmjs.org/escape-string-regexp/-/escape-string-regexp-1.0.5.tgz",
      "integrity": "sha1-G2HAViGQqN/2rjuyzwIAyhMLhtQ="
    },
    "execa": {
      "version": "https://bams-emea-sami.int.thomsonreuters.com/artifactory/api/npm/default.npm.global/execa/-/execa-0.7.0.tgz",
      "integrity": "sha1-lEvs00zEHuMqY6n68nrVpl/Fl3c=",
      "requires": {
        "cross-spawn": "https://bams-emea-sami.int.thomsonreuters.com/artifactory/api/npm/default.npm.global/cross-spawn/-/cross-spawn-5.1.0.tgz",
        "get-stream": "https://bams-emea-sami.int.thomsonreuters.com/artifactory/api/npm/default.npm.global/get-stream/-/get-stream-3.0.0.tgz",
        "is-stream": "https://registry.npmjs.org/is-stream/-/is-stream-1.1.0.tgz",
        "npm-run-path": "https://bams-emea-sami.int.thomsonreuters.com/artifactory/api/npm/default.npm.global/npm-run-path/-/npm-run-path-2.0.2.tgz",
        "p-finally": "https://bams-emea-sami.int.thomsonreuters.com/artifactory/api/npm/default.npm.global/p-finally/-/p-finally-1.0.0.tgz",
        "signal-exit": "https://bams-emea-sami.int.thomsonreuters.com/artifactory/api/npm/default.npm.global/signal-exit/-/signal-exit-3.0.2.tgz",
        "strip-eof": "https://bams-emea-sami.int.thomsonreuters.com/artifactory/api/npm/default.npm.global/strip-eof/-/strip-eof-1.0.0.tgz"
      }
    },
    "find-up": {
      "version": "https://bams-emea-sami.int.thomsonreuters.com/artifactory/api/npm/default.npm.global/find-up/-/find-up-2.1.0.tgz",
      "integrity": "sha1-RdG35QbHF93UgndaK3eSCjwMV6c=",
      "requires": {
        "locate-path": "https://bams-emea-sami.int.thomsonreuters.com/artifactory/api/npm/default.npm.global/locate-path/-/locate-path-2.0.0.tgz"
      }
    },
    "get-caller-file": {
      "version": "https://registry.npmjs.org/get-caller-file/-/get-caller-file-1.0.2.tgz",
      "integrity": "sha1-9wLmMSfn4jHBYKgMFVSstw1QR+U="
    },
    "get-stream": {
      "version": "https://bams-emea-sami.int.thomsonreuters.com/artifactory/api/npm/default.npm.global/get-stream/-/get-stream-3.0.0.tgz",
      "integrity": "sha1-jpQ9E1jcN1VQVOy+LtsFqhdO3hQ="
    },
    "has-flag": {
      "version": "https://bams-emea-sami.int.thomsonreuters.com/artifactory/api/npm/default.npm.global/has-flag/-/has-flag-2.0.0.tgz",
      "integrity": "sha1-6CB68cx7MNRGzHC3NLXovhj4jVE="
    },
    "invert-kv": {
      "version": "https://registry.npmjs.org/invert-kv/-/invert-kv-1.0.0.tgz",
      "integrity": "sha1-EEqOSqym09jNFXqO+L+rLXo//bY="
    },
    "is-fullwidth-code-point": {
      "version": "https://registry.npmjs.org/is-fullwidth-code-point/-/is-fullwidth-code-point-1.0.0.tgz",
      "integrity": "sha1-754xOG8DGn8NZDr4L95QxFfvAMs=",
      "requires": {
        "number-is-nan": "https://registry.npmjs.org/number-is-nan/-/number-is-nan-1.0.1.tgz"
      }
    },
    "is-stream": {
      "version": "https://registry.npmjs.org/is-stream/-/is-stream-1.1.0.tgz",
      "integrity": "sha1-EtSj3U5o4Lec6428hBc66A2RykQ="
    },
    "isexe": {
      "version": "https://registry.npmjs.org/isexe/-/isexe-2.0.0.tgz",
      "integrity": "sha1-6PvzdNxVb/iUehDcsFctYz8s+hA="
    },
    "lcid": {
      "version": "https://registry.npmjs.org/lcid/-/lcid-1.0.0.tgz",
      "integrity": "sha1-MIrMr6C8SDo4Z7S28rlQYlHRuDU=",
      "requires": {
        "invert-kv": "https://registry.npmjs.org/invert-kv/-/invert-kv-1.0.0.tgz"
      }
    },
    "locate-path": {
      "version": "https://bams-emea-sami.int.thomsonreuters.com/artifactory/api/npm/default.npm.global/locate-path/-/locate-path-2.0.0.tgz",
      "integrity": "sha1-K1aLJl7slExtnA3pw9u7ygNUzY4=",
      "requires": {
        "p-locate": "https://bams-emea-sami.int.thomsonreuters.com/artifactory/api/npm/default.npm.global/p-locate/-/p-locate-2.0.0.tgz",
        "path-exists": "https://bams-emea-sami.int.thomsonreuters.com/artifactory/api/npm/default.npm.global/path-exists/-/path-exists-3.0.0.tgz"
      }
    },
    "lru-cache": {
      "version": "https://bams-emea-sami.int.thomsonreuters.com/artifactory/api/npm/default.npm.global/lru-cache/-/lru-cache-4.1.1.tgz",
      "integrity": "sha1-Yi4y6CSItJJ5EUpPns9F581rulU=",
      "requires": {
        "pseudomap": "https://registry.npmjs.org/pseudomap/-/pseudomap-1.0.2.tgz",
        "yallist": "https://bams-emea-sami.int.thomsonreuters.com/artifactory/api/npm/default.npm.global/yallist/-/yallist-2.1.2.tgz"
      }
    },
    "mem": {
      "version": "https://bams-emea-sami.int.thomsonreuters.com/artifactory/api/npm/default.npm.global/mem/-/mem-1.1.0.tgz",
      "integrity": "sha1-Xt1StIXKHZAP5kiVUFOZoN+kX3Y=",
      "requires": {
        "mimic-fn": "https://bams-emea-sami.int.thomsonreuters.com/artifactory/api/npm/default.npm.global/mimic-fn/-/mimic-fn-1.1.0.tgz"
      }
    },
    "mimic-fn": {
      "version": "https://bams-emea-sami.int.thomsonreuters.com/artifactory/api/npm/default.npm.global/mimic-fn/-/mimic-fn-1.1.0.tgz",
      "integrity": "sha1-5md4PZLonb00KBi1IwudYqZyrRg="
    },
    "npm-run-path": {
      "version": "https://bams-emea-sami.int.thomsonreuters.com/artifactory/api/npm/default.npm.global/npm-run-path/-/npm-run-path-2.0.2.tgz",
      "integrity": "sha1-NakjLfo11wZ7TLLd8jV7GHFTbF8=",
      "requires": {
        "path-key": "https://bams-emea-sami.int.thomsonreuters.com/artifactory/api/npm/default.npm.global/path-key/-/path-key-2.0.1.tgz"
      }
    },
    "number-is-nan": {
      "version": "https://registry.npmjs.org/number-is-nan/-/number-is-nan-1.0.1.tgz",
      "integrity": "sha1-CXtgK1NCKlIsGvuHkDGDNpQaAR0="
    },
    "os-locale": {
      "version": "https://bams-emea-sami.int.thomsonreuters.com/artifactory/api/npm/default.npm.global/os-locale/-/os-locale-2.1.0.tgz",
      "integrity": "sha1-QrwpAKa1uL0XN2yOiCtlr8zyS/I=",
      "requires": {
        "execa": "https://bams-emea-sami.int.thomsonreuters.com/artifactory/api/npm/default.npm.global/execa/-/execa-0.7.0.tgz",
        "lcid": "https://registry.npmjs.org/lcid/-/lcid-1.0.0.tgz",
        "mem": "https://bams-emea-sami.int.thomsonreuters.com/artifactory/api/npm/default.npm.global/mem/-/mem-1.1.0.tgz"
      }
    },
    "p-finally": {
      "version": "https://bams-emea-sami.int.thomsonreuters.com/artifactory/api/npm/default.npm.global/p-finally/-/p-finally-1.0.0.tgz",
      "integrity": "sha1-P7z7FbiZpEEjs0ttzBi3JDNqLK4="
    },
    "p-limit": {
      "version": "https://bams-emea-sami.int.thomsonreuters.com/artifactory/api/npm/default.npm.global/p-limit/-/p-limit-1.1.0.tgz",
      "integrity": "sha1-sH/y2aXYi+yAYDWJWiurZqJ5iLw="
    },
    "p-locate": {
      "version": "https://bams-emea-sami.int.thomsonreuters.com/artifactory/api/npm/default.npm.global/p-locate/-/p-locate-2.0.0.tgz",
      "integrity": "sha1-IKAQOyIqcMj9OcwuWAaA893l7EM=",
      "requires": {
        "p-limit": "https://bams-emea-sami.int.thomsonreuters.com/artifactory/api/npm/default.npm.global/p-limit/-/p-limit-1.1.0.tgz"
      }
    },
    "path-exists": {
      "version": "https://bams-emea-sami.int.thomsonreuters.com/artifactory/api/npm/default.npm.global/path-exists/-/path-exists-3.0.0.tgz",
      "integrity": "sha1-zg6+ql94yxiSXqfYENe1mwEP1RU="
    },
    "path-key": {
      "version": "https://bams-emea-sami.int.thomsonreuters.com/artifactory/api/npm/default.npm.global/path-key/-/path-key-2.0.1.tgz",
      "integrity": "sha1-QRyttXTFoUDTpLGRDUDYDMn0C0A="
    },
    "pseudomap": {
      "version": "https://registry.npmjs.org/pseudomap/-/pseudomap-1.0.2.tgz",
      "integrity": "sha1-8FKijacOYYkX7wqKw0wa5aaChrM="
    },
    "require-directory": {
      "version": "https://registry.npmjs.org/require-directory/-/require-directory-2.1.1.tgz",
      "integrity": "sha1-jGStX9MNqxyXbiNE/+f3kqam30I="
    },
    "require-main-filename": {
      "version": "https://registry.npmjs.org/require-main-filename/-/require-main-filename-1.0.1.tgz",
      "integrity": "sha1-l/cXtp1IeE9fUmpsWqj/3aBVpNE="
    },
    "semver": {
      "version": "https://bams-emea-sami.int.thomsonreuters.com/artifactory/api/npm/default.npm.global/semver/-/semver-5.4.1.tgz",
      "integrity": "sha1-4FnAnYVx8FQII3M0M1BdOi8AsY4="
    },
    "set-blocking": {
      "version": "https://registry.npmjs.org/set-blocking/-/set-blocking-2.0.0.tgz",
      "integrity": "sha1-BF+XgtARrppoA93TgrJDkrPYkPc="
    },
    "shebang-command": {
      "version": "https://bams-emea-sami.int.thomsonreuters.com/artifactory/api/npm/default.npm.global/shebang-command/-/shebang-command-1.2.0.tgz",
      "integrity": "sha1-RKrGW2lbAzmJaMOfNj/uXer98eo=",
      "requires": {
        "shebang-regex": "https://bams-emea-sami.int.thomsonreuters.com/artifactory/api/npm/default.npm.global/shebang-regex/-/shebang-regex-1.0.0.tgz"
      }
    },
    "shebang-regex": {
      "version": "https://bams-emea-sami.int.thomsonreuters.com/artifactory/api/npm/default.npm.global/shebang-regex/-/shebang-regex-1.0.0.tgz",
      "integrity": "sha1-2kL0l0DAtC2yypcoVxyxkMmO/qM="
    },
    "signal-exit": {
      "version": "https://bams-emea-sami.int.thomsonreuters.com/artifactory/api/npm/default.npm.global/signal-exit/-/signal-exit-3.0.2.tgz",
      "integrity": "sha1-tf3AjxKH6hF4Yo5BXiUTK3NkbG0="
    },
    "string-width": {
      "version": "https://bams-emea-sami.int.thomsonreuters.com/artifactory/api/npm/default.npm.global/string-width/-/string-width-2.1.1.tgz",
      "integrity": "sha1-q5Pyeo3BPSjKyBXEYhQ6bZASrp4=",
      "requires": {
        "is-fullwidth-code-point": "https://registry.npmjs.org/is-fullwidth-code-point/-/is-fullwidth-code-point-2.0.0.tgz",
        "strip-ansi": "https://bams-emea-sami.int.thomsonreuters.com/artifactory/api/npm/default.npm.global/strip-ansi/-/strip-ansi-4.0.0.tgz"
      },
      "dependencies": {
        "ansi-regex": {
          "version": "https://bams-emea-sami.int.thomsonreuters.com/artifactory/api/npm/default.npm.global/ansi-regex/-/ansi-regex-3.0.0.tgz",
          "integrity": "sha1-7QMXwyIGT3lGbAKWa922Bas32Zg="
        },
        "is-fullwidth-code-point": {
          "version": "https://registry.npmjs.org/is-fullwidth-code-point/-/is-fullwidth-code-point-2.0.0.tgz",
          "integrity": "sha1-o7MKXE8ZkYMWeqq5O+764937ZU8="
        },
        "strip-ansi": {
          "version": "https://bams-emea-sami.int.thomsonreuters.com/artifactory/api/npm/default.npm.global/strip-ansi/-/strip-ansi-4.0.0.tgz",
          "integrity": "sha1-qEeQIusaw2iocTibY1JixQXuNo8=",
          "requires": {
            "ansi-regex": "https://bams-emea-sami.int.thomsonreuters.com/artifactory/api/npm/default.npm.global/ansi-regex/-/ansi-regex-3.0.0.tgz"
          }
        }
      }
    },
    "strip-ansi": {
      "version": "https://registry.npmjs.org/strip-ansi/-/strip-ansi-3.0.1.tgz",
      "integrity": "sha1-ajhfuIU9lS1f8F0Oiq+UJ43GPc8=",
      "requires": {
        "ansi-regex": "https://registry.npmjs.org/ansi-regex/-/ansi-regex-2.1.1.tgz"
      }
    },
    "strip-eof": {
      "version": "https://bams-emea-sami.int.thomsonreuters.com/artifactory/api/npm/default.npm.global/strip-eof/-/strip-eof-1.0.0.tgz",
      "integrity": "sha1-u0P/VZim6wXYm1n80SnJgzE2Br8="
    },
    "supports-color": {
      "version": "https://bams-emea-sami.int.thomsonreuters.com/artifactory/api/npm/default.npm.global/supports-color/-/supports-color-4.5.0.tgz",
      "integrity": "sha1-vnoN5ITexcXN34s9WRJQRJEvY1s=",
      "requires": {
        "has-flag": "https://bams-emea-sami.int.thomsonreuters.com/artifactory/api/npm/default.npm.global/has-flag/-/has-flag-2.0.0.tgz"
      }
    },
    "which": {
      "version": "https://bams-emea-sami.int.thomsonreuters.com/artifactory/api/npm/default.npm.global/which/-/which-1.3.0.tgz",
      "integrity": "sha1-/wS9/AEO5UfXgL7DjhrBwnd9JTo=",
      "requires": {
        "isexe": "https://registry.npmjs.org/isexe/-/isexe-2.0.0.tgz"
      }
    },
    "which-module": {
      "version": "https://bams-emea-sami.int.thomsonreuters.com/artifactory/api/npm/default.npm.global/which-module/-/which-module-2.0.0.tgz",
      "integrity": "sha1-2e8H3Od7mQK4o6j6SzHD4/fm6Ho="
    },
    "wrap-ansi": {
      "version": "https://registry.npmjs.org/wrap-ansi/-/wrap-ansi-2.1.0.tgz",
      "integrity": "sha1-2Pw9KE3QV5T+hJc8rs3Rz4JP3YU=",
      "requires": {
        "string-width": "https://registry.npmjs.org/string-width/-/string-width-1.0.2.tgz",
        "strip-ansi": "https://registry.npmjs.org/strip-ansi/-/strip-ansi-3.0.1.tgz"
      },
      "dependencies": {
        "string-width": {
          "version": "https://registry.npmjs.org/string-width/-/string-width-1.0.2.tgz",
          "integrity": "sha1-EYvfW4zcUaKn5w0hHgfisLmxB9M=",
          "requires": {
            "code-point-at": "https://registry.npmjs.org/code-point-at/-/code-point-at-1.1.0.tgz",
            "is-fullwidth-code-point": "https://registry.npmjs.org/is-fullwidth-code-point/-/is-fullwidth-code-point-1.0.0.tgz",
            "strip-ansi": "https://registry.npmjs.org/strip-ansi/-/strip-ansi-3.0.1.tgz"
          }
        }
      }
    },
    "y18n": {
      "version": "https://registry.npmjs.org/y18n/-/y18n-3.2.1.tgz",
      "integrity": "sha1-bRX7qITAhnnA136I53WegR4H+kE="
    },
    "yallist": {
      "version": "https://bams-emea-sami.int.thomsonreuters.com/artifactory/api/npm/default.npm.global/yallist/-/yallist-2.1.2.tgz",
      "integrity": "sha1-HBH5IY8HYImkfdUS+TxmmaaoHVI="
    },
    "yargs": {
      "version": "https://registry.npmjs.org/yargs/-/yargs-10.0.3.tgz",
      "integrity": "sha1-ZULevZCArVF+xQSPtFTv6eTUqq4=",
      "requires": {
        "cliui": "https://registry.npmjs.org/cliui/-/cliui-3.2.0.tgz",
        "decamelize": "https://registry.npmjs.org/decamelize/-/decamelize-1.2.0.tgz",
        "find-up": "https://bams-emea-sami.int.thomsonreuters.com/artifactory/api/npm/default.npm.global/find-up/-/find-up-2.1.0.tgz",
        "get-caller-file": "https://registry.npmjs.org/get-caller-file/-/get-caller-file-1.0.2.tgz",
        "os-locale": "https://bams-emea-sami.int.thomsonreuters.com/artifactory/api/npm/default.npm.global/os-locale/-/os-locale-2.1.0.tgz",
        "require-directory": "https://registry.npmjs.org/require-directory/-/require-directory-2.1.1.tgz",
        "require-main-filename": "https://registry.npmjs.org/require-main-filename/-/require-main-filename-1.0.1.tgz",
        "set-blocking": "https://registry.npmjs.org/set-blocking/-/set-blocking-2.0.0.tgz",
        "string-width": "https://bams-emea-sami.int.thomsonreuters.com/artifactory/api/npm/default.npm.global/string-width/-/string-width-2.1.1.tgz",
        "which-module": "https://bams-emea-sami.int.thomsonreuters.com/artifactory/api/npm/default.npm.global/which-module/-/which-module-2.0.0.tgz",
        "y18n": "https://registry.npmjs.org/y18n/-/y18n-3.2.1.tgz",
        "yargs-parser": "https://bams-emea-sami.int.thomsonreuters.com/artifactory/api/npm/default.npm.global/yargs-parser/-/yargs-parser-8.0.0.tgz"
      }
    },
    "yargs-parser": {
      "version": "https://bams-emea-sami.int.thomsonreuters.com/artifactory/api/npm/default.npm.global/yargs-parser/-/yargs-parser-8.0.0.tgz",
      "integrity": "sha1-IdR2Mw5agieaS4gTRb8GYQLiGcY=",
      "requires": {
        "camelcase": "https://bams-emea-sami.int.thomsonreuters.com/artifactory/api/npm/default.npm.global/camelcase/-/camelcase-4.1.0.tgz"
      }
    }
  }
}
